
Microsoft Visual Studio Solution File, Format Version 12.00
Project("{FAE04EC0-301F-11D3-BF4B-00C04F79EFBC}") = "Chess-Console-CSharp", "Chess-Console-CSharp\Chess-Console-CSharp.csproj", "{23B509D0-04B1-4E7C-928D-F9C8CC349EEE}"
EndProject
Global
	GlobalSection(SolutionConfigurationPlatforms) = preSolution
		Debug|Any CPU = Debug|Any CPU
		Release|Any CPU = Release|Any CPU
	EndGlobalSection
	GlobalSection(ProjectConfigurationPlatforms) = postSolution
		{23B509D0-04B1-4E7C-928D-F9C8CC349EEE}.Debug|Any CPU.ActiveCfg = Debug|Any CPU
		{23B509D0-04B1-4E7C-928D-F9C8CC349EEE}.Debug|Any CPU.Build.0 = Debug|Any CPU
		{23B509D0-04B1-4E7C-928D-F9C8CC349EEE}.Release|Any CPU.ActiveCfg = Release|Any CPU
		{23B509D0-04B1-4E7C-928D-F9C8CC349EEE}.Release|Any CPU.Build.0 = Release|Any CPU
	EndGlobalSection
EndGlobal
